
Microsoft Visual Studio Solution File, Format Version 12.00
# Visual Studio Version 16
VisualStudioVersion = 16.0.35425.106
MinimumVisualStudioVersion = 10.0.40219.1
Project("{FAE04EC0-301F-11D3-BF4B-00C04F79EFBC}") = "BookHeavenApp", "BookHeavenApp\BookHeavenApp.csproj", "{E6F6B1E3-AF43-4509-ADA8-B413523721E8}"
EndProject
Global
	GlobalSection(SolutionConfigurationPlatforms) = preSolution
		Debug|Any CPU = Debug|Any CPU
		Release|Any CPU = Release|Any CPU
	EndGlobalSection
	GlobalSection(ProjectConfigurationPlatforms) = postSolution
		{E6F6B1E3-AF43-4509-ADA8-B413523721E8}.Debug|Any CPU.ActiveCfg = Debug|Any CPU
		{E6F6B1E3-AF43-4509-ADA8-B413523721E8}.Debug|Any CPU.Build.0 = Debug|Any CPU
		{E6F6B1E3-AF43-4509-ADA8-B413523721E8}.Release|Any CPU.ActiveCfg = Release|Any CPU
		{E6F6B1E3-AF43-4509-ADA8-B413523721E8}.Release|Any CPU.Build.0 = Release|Any CPU
	EndGlobalSection
	GlobalSection(SolutionProperties) = preSolution
		HideSolutionNode = FALSE
	EndGlobalSection
	GlobalSection(ExtensibilityGlobals) = postSolution
		SolutionGuid = {A2B6FBAE-1126-40EF-9248-CF795DD67E95}
	EndGlobalSection
EndGlobal
